
Microsoft Visual Studio Solution File, Format Version 12.00
# Visual Studio Version 17
VisualStudioVersion = 17.7.34031.279
MinimumVisualStudioVersion = 10.0.40219.1
Project("{9A19103F-16F7-4668-BE54-9A1E7A4F7556}") = "MyShoppingCart", "MyShoppingCart\MyShoppingCart.csproj", "{706B6BC0-7C1C-4784-888B-E36D00699C0C}"
EndProject
Global
	GlobalSection(SolutionConfigurationPlatforms) = preSolution
		Debug|Any CPU = Debug|Any CPU
		Release|Any CPU = Release|Any CPU
	EndGlobalSection
	GlobalSection(ProjectConfigurationPlatforms) = postSolution
		{706B6BC0-7C1C-4784-888B-E36D00699C0C}.Debug|Any CPU.ActiveCfg = Debug|Any CPU
		{706B6BC0-7C1C-4784-888B-E36D00699C0C}.Debug|Any CPU.Build.0 = Debug|Any CPU
		{706B6BC0-7C1C-4784-888B-E36D00699C0C}.Release|Any CPU.ActiveCfg = Release|Any CPU
		{706B6BC0-7C1C-4784-888B-E36D00699C0C}.Release|Any CPU.Build.0 = Release|Any CPU
	EndGlobalSection
	GlobalSection(SolutionProperties) = preSolution
		HideSolutionNode = FALSE
	EndGlobalSection
	GlobalSection(ExtensibilityGlobals) = postSolution
		SolutionGuid = {540D5454-DC89-45C0-B11D-777E0F9B709F}
	EndGlobalSection
EndGlobal
